
Microsoft Visual Studio Solution File, Format Version 12.00
# Visual Studio Version 17
VisualStudioVersion = 17.7.33808.371
MinimumVisualStudioVersion = 10.0.40219.1
Project("{9A19103F-16F7-4668-BE54-9A1E7A4F7556}") = "ProjectEuler_12", "ProjectEuler_12.csproj", "{A9FB50AB-C389-4532-90BF-BDF630B20266}"
EndProject
Global
	GlobalSection(SolutionConfigurationPlatforms) = preSolution
		Debug|Any CPU = Debug|Any CPU
		Release|Any CPU = Release|Any CPU
	EndGlobalSection
	GlobalSection(ProjectConfigurationPlatforms) = postSolution
		{A9FB50AB-C389-4532-90BF-BDF630B20266}.Debug|Any CPU.ActiveCfg = Debug|Any CPU
		{A9FB50AB-C389-4532-90BF-BDF630B20266}.Debug|Any CPU.Build.0 = Debug|Any CPU
		{A9FB50AB-C389-4532-90BF-BDF630B20266}.Release|Any CPU.ActiveCfg = Release|Any CPU
		{A9FB50AB-C389-4532-90BF-BDF630B20266}.Release|Any CPU.Build.0 = Release|Any CPU
	EndGlobalSection
	GlobalSection(SolutionProperties) = preSolution
		HideSolutionNode = FALSE
	EndGlobalSection
	GlobalSection(ExtensibilityGlobals) = postSolution
		SolutionGuid = {10AA345A-2284-4522-9DC1-9E829C37E851}
	EndGlobalSection
EndGlobal
