
Microsoft Visual Studio Solution File, Format Version 12.00
# Visual Studio Version 17
VisualStudioVersion = 17.6.33723.286
MinimumVisualStudioVersion = 10.0.40219.1
Project("{FAE04EC0-301F-11D3-BF4B-00C04F79EFBC}") = "projecteuler_10", "projecteuler_10.csproj", "{D084B7CE-5983-4005-B304-B6D300AFC237}"
EndProject
Global
	GlobalSection(SolutionConfigurationPlatforms) = preSolution
		Debug|Any CPU = Debug|Any CPU
		Release|Any CPU = Release|Any CPU
	EndGlobalSection
	GlobalSection(ProjectConfigurationPlatforms) = postSolution
		{D084B7CE-5983-4005-B304-B6D300AFC237}.Debug|Any CPU.ActiveCfg = Debug|Any CPU
		{D084B7CE-5983-4005-B304-B6D300AFC237}.Debug|Any CPU.Build.0 = Debug|Any CPU
		{D084B7CE-5983-4005-B304-B6D300AFC237}.Release|Any CPU.ActiveCfg = Release|Any CPU
		{D084B7CE-5983-4005-B304-B6D300AFC237}.Release|Any CPU.Build.0 = Release|Any CPU
	EndGlobalSection
	GlobalSection(SolutionProperties) = preSolution
		HideSolutionNode = FALSE
	EndGlobalSection
	GlobalSection(ExtensibilityGlobals) = postSolution
		SolutionGuid = {327BE64F-A62C-46DD-9AC9-199CBF6FC5BC}
	EndGlobalSection
EndGlobal
