
Microsoft Visual Studio Solution File, Format Version 12.00
# Visual Studio Version 17
VisualStudioVersion = 17.6.33723.286
MinimumVisualStudioVersion = 10.0.40219.1
Project("{FAE04EC0-301F-11D3-BF4B-00C04F79EFBC}") = "projecteuler_07", "projecteuler_07.csproj", "{4AE50259-4A25-48C7-AB2A-ADFCAD72D0FD}"
EndProject
Global
	GlobalSection(SolutionConfigurationPlatforms) = preSolution
		Debug|Any CPU = Debug|Any CPU
		Release|Any CPU = Release|Any CPU
	EndGlobalSection
	GlobalSection(ProjectConfigurationPlatforms) = postSolution
		{4AE50259-4A25-48C7-AB2A-ADFCAD72D0FD}.Debug|Any CPU.ActiveCfg = Debug|Any CPU
		{4AE50259-4A25-48C7-AB2A-ADFCAD72D0FD}.Debug|Any CPU.Build.0 = Debug|Any CPU
		{4AE50259-4A25-48C7-AB2A-ADFCAD72D0FD}.Release|Any CPU.ActiveCfg = Release|Any CPU
		{4AE50259-4A25-48C7-AB2A-ADFCAD72D0FD}.Release|Any CPU.Build.0 = Release|Any CPU
	EndGlobalSection
	GlobalSection(SolutionProperties) = preSolution
		HideSolutionNode = FALSE
	EndGlobalSection
	GlobalSection(ExtensibilityGlobals) = postSolution
		SolutionGuid = {81D2853D-94C2-4391-AFFE-39ED3B590EF7}
	EndGlobalSection
EndGlobal
